
Microsoft Visual Studio Solution File, Format Version 12.00
# Visual Studio Version 17
VisualStudioVersion = 17.7.34031.279
MinimumVisualStudioVersion = 10.0.40219.1
Project("{FAE04EC0-301F-11D3-BF4B-00C04F79EFBC}") = "Data Set Example", "Data Set Example\Data Set Example.csproj", "{AA005844-53FF-4F9E-A915-729536D516CF}"
EndProject
Global
	GlobalSection(SolutionConfigurationPlatforms) = preSolution
		Debug|Any CPU = Debug|Any CPU
		Release|Any CPU = Release|Any CPU
	EndGlobalSection
	GlobalSection(ProjectConfigurationPlatforms) = postSolution
		{AA005844-53FF-4F9E-A915-729536D516CF}.Debug|Any CPU.ActiveCfg = Debug|Any CPU
		{AA005844-53FF-4F9E-A915-729536D516CF}.Debug|Any CPU.Build.0 = Debug|Any CPU
		{AA005844-53FF-4F9E-A915-729536D516CF}.Release|Any CPU.ActiveCfg = Release|Any CPU
		{AA005844-53FF-4F9E-A915-729536D516CF}.Release|Any CPU.Build.0 = Release|Any CPU
	EndGlobalSection
	GlobalSection(SolutionProperties) = preSolution
		HideSolutionNode = FALSE
	EndGlobalSection
	GlobalSection(ExtensibilityGlobals) = postSolution
		SolutionGuid = {C3B94286-ED8E-462E-BE20-4DC4509C97FE}
	EndGlobalSection
EndGlobal
